// !$*UTF8*$!
{
	archiveVersion = 1;
	classes = {
	};
	objectVersion = 50;
	objects = {

/* Begin PBXBuildFile section */
		9410BDBEE36B5273C7315FDC /* libPods-ios-objc-nslock-demo.a in Frameworks */ = {isa = PBXBuildFile; fileRef = 8C3F0CAF7C1FF57BE1782975 /* libPods-ios-objc-nslock-demo.a */; };
		B6564BE520E6AE06007BEF4C /* SQLiteHelper.m in Sources */ = {isa = PBXBuildFile; fileRef = B6564BE420E6AE06007BEF4C /* SQLiteHelper.m */; };
		B6564BE820E72AB4007BEF4C /* SQLiteRequest.m in Sources */ = {isa = PBXBuildFile; fileRef = B6564BE720E72AB4007BEF4C /* SQLiteRequest.m */; };
		B6564BF020E73C60007BEF4C /* User.m in Sources */ = {isa = PBXBuildFile; fileRef = B6564BEF20E73C60007BEF4C /* User.m */; };
		B6564BF520E73ED5007BEF4C /* NSObject+NullToNil.m in Sources */ = {isa = PBXBuildFile; fileRef = B6564BF420E73ED5007BEF4C /* NSObject+NullToNil.m */; };
		B6564BF820E741D1007BEF4C /* Job.m in Sources */ = {isa = PBXBuildFile; fileRef = B6564BF720E741D1007BEF4C /* Job.m */; };
		B6564BFC20E74C2A007BEF4C /* SelectResult.m in Sources */ = {isa = PBXBuildFile; fileRef = B6564BFB20E74C2A007BEF4C /* SelectResult.m */; };
		B66FEF5920E75DDF00C614E0 /* UserDao.m in Sources */ = {isa = PBXBuildFile; fileRef = B66FEF5820E75DDF00C614E0 /* UserDao.m */; };
		B66FEF5C20E75F3A00C614E0 /* JobDao.m in Sources */ = {isa = PBXBuildFile; fileRef = B66FEF5B20E75F3A00C614E0 /* JobDao.m */; };
		B6ACC02920E6A6760057CE71 /* AppDelegate.m in Sources */ = {isa = PBXBuildFile; fileRef = B6ACC02820E6A6760057CE71 /* AppDelegate.m */; };
		B6ACC02C20E6A6760057CE71 /* ViewController.m in Sources */ = {isa = PBXBuildFile; fileRef = B6ACC02B20E6A6760057CE71 /* ViewController.m */; };
		B6ACC02F20E6A6760057CE71 /* Main.storyboard in Resources */ = {isa = PBXBuildFile; fileRef = B6ACC02D20E6A6760057CE71 /* Main.storyboard */; };
		B6ACC03120E6A67A0057CE71 /* Assets.xcassets in Resources */ = {isa = PBXBuildFile; fileRef = B6ACC03020E6A67A0057CE71 /* Assets.xcassets */; };
		B6ACC03420E6A67A0057CE71 /* LaunchScreen.storyboard in Resources */ = {isa = PBXBuildFile; fileRef = B6ACC03220E6A67A0057CE71 /* LaunchScreen.storyboard */; };
		B6ACC03720E6A67A0057CE71 /* main.m in Sources */ = {isa = PBXBuildFile; fileRef = B6ACC03620E6A67A0057CE71 /* main.m */; };
		B6ACC04120E6A67A0057CE71 /* ios_objc_nslock_demoTests.m in Sources */ = {isa = PBXBuildFile; fileRef = B6ACC04020E6A67A0057CE71 /* ios_objc_nslock_demoTests.m */; };
		B6ACC04C20E6A67A0057CE71 /* ios_objc_nslock_demoUITests.m in Sources */ = {isa = PBXBuildFile; fileRef = B6ACC04B20E6A67A0057CE71 /* ios_objc_nslock_demoUITests.m */; };
		B6BAFEA820ED3F02008C0011 /* plain.sqlite in Resources */ = {isa = PBXBuildFile; fileRef = B6BAFEA720ED3F02008C0011 /* plain.sqlite */; };
		B6BAFEAB20ED4B05008C0011 /* PlainDAO.m in Sources */ = {isa = PBXBuildFile; fileRef = B6BAFEAA20ED4B05008C0011 /* PlainDAO.m */; };
		D80B5B600EBDE9BB2302CBE4 /* libPods-ios-objc-nslock-demoUITests.a in Frameworks */ = {isa = PBXBuildFile; fileRef = F599523088D4CC9DA89446DB /* libPods-ios-objc-nslock-demoUITests.a */; };
		DE3B3537650FA1176A73B069 /* libPods-ios-objc-nslock-demoTests.a in Frameworks */ = {isa = PBXBuildFile; fileRef = 4AA482837B13D434F5889275 /* libPods-ios-objc-nslock-demoTests.a */; };
/* End PBXBuildFile section */

/* Begin PBXContainerItemProxy section */
		B6ACC03D20E6A67A0057CE71 /* PBXContainerItemProxy */ = {
			isa = PBXContainerItemProxy;
			containerPortal = B6ACC01C20E6A6760057CE71 /* Project object */;
			proxyType = 1;
			remoteGlobalIDString = B6ACC02320E6A6760057CE71;
			remoteInfo = "ios-objc-nslock-demo";
		};
		B6ACC04820E6A67A0057CE71 /* PBXContainerItemProxy */ = {
			isa = PBXContainerItemProxy;
			containerPortal = B6ACC01C20E6A6760057CE71 /* Project object */;
			proxyType = 1;
			remoteGlobalIDString = B6ACC02320E6A6760057CE71;
			remoteInfo = "ios-objc-nslock-demo";
		};
/* End PBXContainerItemProxy section */

/* Begin PBXFileReference section */
		4477C3BC9A47555B23A6AB55 /* Pods-ios-objc-nslock-demoTests.release.xcconfig */ = {isa = PBXFileReference; includeInIndex = 1; lastKnownFileType = text.xcconfig; name = "Pods-ios-objc-nslock-demoTests.release.xcconfig"; path = "Pods/Target Support Files/Pods-ios-objc-nslock-demoTests/Pods-ios-objc-nslock-demoTests.release.xcconfig"; sourceTree = "<group>"; };
		48A4F30ECB69663D08957FC4 /* Pods-ios-objc-nslock-demoUITests.debug.xcconfig */ = {isa = PBXFileReference; includeInIndex = 1; lastKnownFileType = text.xcconfig; name = "Pods-ios-objc-nslock-demoUITests.debug.xcconfig"; path = "Pods/Target Support Files/Pods-ios-objc-nslock-demoUITests/Pods-ios-objc-nslock-demoUITests.debug.xcconfig"; sourceTree = "<group>"; };
		4AA482837B13D434F5889275 /* libPods-ios-objc-nslock-demoTests.a */ = {isa = PBXFileReference; explicitFileType = archive.ar; includeInIndex = 0; path = "libPods-ios-objc-nslock-demoTests.a"; sourceTree = BUILT_PRODUCTS_DIR; };
		4BF25B0D7E01715DBFAC3576 /* Pods-ios-objc-nslock-demo.debug.xcconfig */ = {isa = PBXFileReference; includeInIndex = 1; lastKnownFileType = text.xcconfig; name = "Pods-ios-objc-nslock-demo.debug.xcconfig"; path = "Pods/Target Support Files/Pods-ios-objc-nslock-demo/Pods-ios-objc-nslock-demo.debug.xcconfig"; sourceTree = "<group>"; };
		85CF291F78766B373F0D872A /* Pods-ios-objc-nslock-demoTests.debug.xcconfig */ = {isa = PBXFileReference; includeInIndex = 1; lastKnownFileType = text.xcconfig; name = "Pods-ios-objc-nslock-demoTests.debug.xcconfig"; path = "Pods/Target Support Files/Pods-ios-objc-nslock-demoTests/Pods-ios-objc-nslock-demoTests.debug.xcconfig"; sourceTree = "<group>"; };
		8C3F0CAF7C1FF57BE1782975 /* libPods-ios-objc-nslock-demo.a */ = {isa = PBXFileReference; explicitFileType = archive.ar; includeInIndex = 0; path = "libPods-ios-objc-nslock-demo.a"; sourceTree = BUILT_PRODUCTS_DIR; };
		B6564BE320E6AE06007BEF4C /* SQLiteHelper.h */ = {isa = PBXFileReference; lastKnownFileType = sourcecode.c.h; path = SQLiteHelper.h; sourceTree = "<group>"; };
		B6564BE420E6AE06007BEF4C /* SQLiteHelper.m */ = {isa = PBXFileReference; lastKnownFileType = sourcecode.c.objc; path = SQLiteHelper.m; sourceTree = "<group>"; };
		B6564BE620E72AB4007BEF4C /* SQLiteRequest.h */ = {isa = PBXFileReference; lastKnownFileType = sourcecode.c.h; path = SQLiteRequest.h; sourceTree = "<group>"; };
		B6564BE720E72AB4007BEF4C /* SQLiteRequest.m */ = {isa = PBXFileReference; lastKnownFileType = sourcecode.c.objc; path = SQLiteRequest.m; sourceTree = "<group>"; };
		B6564BEA20E732CC007BEF4C /* FMResultSetInitializable.h */ = {isa = PBXFileReference; lastKnownFileType = sourcecode.c.h; path = FMResultSetInitializable.h; sourceTree = "<group>"; };
		B6564BEE20E73C60007BEF4C /* User.h */ = {isa = PBXFileReference; lastKnownFileType = sourcecode.c.h; path = User.h; sourceTree = "<group>"; };
		B6564BEF20E73C60007BEF4C /* User.m */ = {isa = PBXFileReference; lastKnownFileType = sourcecode.c.objc; path = User.m; sourceTree = "<group>"; };
		B6564BF320E73ED5007BEF4C /* NSObject+NullToNil.h */ = {isa = PBXFileReference; lastKnownFileType = sourcecode.c.h; path = "NSObject+NullToNil.h"; sourceTree = "<group>"; };
		B6564BF420E73ED5007BEF4C /* NSObject+NullToNil.m */ = {isa = PBXFileReference; lastKnownFileType = sourcecode.c.objc; path = "NSObject+NullToNil.m"; sourceTree = "<group>"; };
		B6564BF620E741D1007BEF4C /* Job.h */ = {isa = PBXFileReference; lastKnownFileType = sourcecode.c.h; path = Job.h; sourceTree = "<group>"; };
		B6564BF720E741D1007BEF4C /* Job.m */ = {isa = PBXFileReference; lastKnownFileType = sourcecode.c.objc; path = Job.m; sourceTree = "<group>"; };
		B6564BF920E7462E007BEF4C /* TableModel.h */ = {isa = PBXFileReference; lastKnownFileType = sourcecode.c.h; path = TableModel.h; sourceTree = "<group>"; };
		B6564BFA20E74C2A007BEF4C /* SelectResult.h */ = {isa = PBXFileReference; lastKnownFileType = sourcecode.c.h; path = SelectResult.h; sourceTree = "<group>"; };
		B6564BFB20E74C2A007BEF4C /* SelectResult.m */ = {isa = PBXFileReference; lastKnownFileType = sourcecode.c.objc; path = SelectResult.m; sourceTree = "<group>"; };
		B66FEF5720E75DDF00C614E0 /* UserDao.h */ = {isa = PBXFileReference; lastKnownFileType = sourcecode.c.h; path = UserDao.h; sourceTree = "<group>"; };
		B66FEF5820E75DDF00C614E0 /* UserDao.m */ = {isa = PBXFileReference; lastKnownFileType = sourcecode.c.objc; path = UserDao.m; sourceTree = "<group>"; };
		B66FEF5A20E75F3A00C614E0 /* JobDao.h */ = {isa = PBXFileReference; lastKnownFileType = sourcecode.c.h; path = JobDao.h; sourceTree = "<group>"; };
		B66FEF5B20E75F3A00C614E0 /* JobDao.m */ = {isa = PBXFileReference; lastKnownFileType = sourcecode.c.objc; path = JobDao.m; sourceTree = "<group>"; };
		B6ACC02420E6A6760057CE71 /* ios-objc-nslock-demo.app */ = {isa = PBXFileReference; explicitFileType = wrapper.application; includeInIndex = 0; path = "ios-objc-nslock-demo.app"; sourceTree = BUILT_PRODUCTS_DIR; };
		B6ACC02720E6A6760057CE71 /* AppDelegate.h */ = {isa = PBXFileReference; lastKnownFileType = sourcecode.c.h; path = AppDelegate.h; sourceTree = "<group>"; };
		B6ACC02820E6A6760057CE71 /* AppDelegate.m */ = {isa = PBXFileReference; lastKnownFileType = sourcecode.c.objc; path = AppDelegate.m; sourceTree = "<group>"; };
		B6ACC02A20E6A6760057CE71 /* ViewController.h */ = {isa = PBXFileReference; lastKnownFileType = sourcecode.c.h; path = ViewController.h; sourceTree = "<group>"; };
		B6ACC02B20E6A6760057CE71 /* ViewController.m */ = {isa = PBXFileReference; lastKnownFileType = sourcecode.c.objc; path = ViewController.m; sourceTree = "<group>"; };
		B6ACC02E20E6A6760057CE71 /* Base */ = {isa = PBXFileReference; lastKnownFileType = file.storyboard; name = Base; path = Base.lproj/Main.storyboard; sourceTree = "<group>"; };
		B6ACC03020E6A67A0057CE71 /* Assets.xcassets */ = {isa = PBXFileReference; lastKnownFileType = folder.assetcatalog; path = Assets.xcassets; sourceTree = "<group>"; };
		B6ACC03320E6A67A0057CE71 /* Base */ = {isa = PBXFileReference; lastKnownFileType = file.storyboard; name = Base; path = Base.lproj/LaunchScreen.storyboard; sourceTree = "<group>"; };
		B6ACC03520E6A67A0057CE71 /* Info.plist */ = {isa = PBXFileReference; lastKnownFileType = text.plist.xml; path = Info.plist; sourceTree = "<group>"; };
		B6ACC03620E6A67A0057CE71 /* main.m */ = {isa = PBXFileReference; lastKnownFileType = sourcecode.c.objc; path = main.m; sourceTree = "<group>"; };
		B6ACC03C20E6A67A0057CE71 /* ios-objc-nslock-demoTests.xctest */ = {isa = PBXFileReference; explicitFileType = wrapper.cfbundle; includeInIndex = 0; path = "ios-objc-nslock-demoTests.xctest"; sourceTree = BUILT_PRODUCTS_DIR; };
		B6ACC04020E6A67A0057CE71 /* ios_objc_nslock_demoTests.m */ = {isa = PBXFileReference; lastKnownFileType = sourcecode.c.objc; path = ios_objc_nslock_demoTests.m; sourceTree = "<group>"; };
		B6ACC04220E6A67A0057CE71 /* Info.plist */ = {isa = PBXFileReference; lastKnownFileType = text.plist.xml; path = Info.plist; sourceTree = "<group>"; };
		B6ACC04720E6A67A0057CE71 /* ios-objc-nslock-demoUITests.xctest */ = {isa = PBXFileReference; explicitFileType = wrapper.cfbundle; includeInIndex = 0; path = "ios-objc-nslock-demoUITests.xctest"; sourceTree = BUILT_PRODUCTS_DIR; };
		B6ACC04B20E6A67A0057CE71 /* ios_objc_nslock_demoUITests.m */ = {isa = PBXFileReference; lastKnownFileType = sourcecode.c.objc; path = ios_objc_nslock_demoUITests.m; sourceTree = "<group>"; };
		B6ACC04D20E6A67A0057CE71 /* Info.plist */ = {isa = PBXFileReference; lastKnownFileType = text.plist.xml; path = Info.plist; sourceTree = "<group>"; };
		B6BAFEA720ED3F02008C0011 /* plain.sqlite */ = {isa = PBXFileReference; lastKnownFileType = file; path = plain.sqlite; sourceTree = "<group>"; };
		B6BAFEA920ED4B05008C0011 /* PlainDAO.h */ = {isa = PBXFileReference; lastKnownFileType = sourcecode.c.h; path = PlainDAO.h; sourceTree = "<group>"; };
		B6BAFEAA20ED4B05008C0011 /* PlainDAO.m */ = {isa = PBXFileReference; lastKnownFileType = sourcecode.c.objc; path = PlainDAO.m; sourceTree = "<group>"; };
		D9C108486E63A8B8A3357FA5 /* Pods-ios-objc-nslock-demoUITests.release.xcconfig */ = {isa = PBXFileReference; includeInIndex = 1; lastKnownFileType = text.xcconfig; name = "Pods-ios-objc-nslock-demoUITests.release.xcconfig"; path = "Pods/Target Support Files/Pods-ios-objc-nslock-demoUITests/Pods-ios-objc-nslock-demoUITests.release.xcconfig"; sourceTree = "<group>"; };
		EF4E5E241F2078012D7CAD6B /* Pods-ios-objc-nslock-demo.release.xcconfig */ = {isa = PBXFileReference; includeInIndex = 1; lastKnownFileType = text.xcconfig; name = "Pods-ios-objc-nslock-demo.release.xcconfig"; path = "Pods/Target Support Files/Pods-ios-objc-nslock-demo/Pods-ios-objc-nslock-demo.release.xcconfig"; sourceTree = "<group>"; };
		F599523088D4CC9DA89446DB /* libPods-ios-objc-nslock-demoUITests.a */ = {isa = PBXFileReference; explicitFileType = archive.ar; includeInIndex = 0; path = "libPods-ios-objc-nslock-demoUITests.a"; sourceTree = BUILT_PRODUCTS_DIR; };
/* End PBXFileReference section */

/* Begin PBXFrameworksBuildPhase section */
		B6ACC02120E6A6760057CE71 /* Frameworks */ = {
			isa = PBXFrameworksBuildPhase;
			buildActionMask = 2147483647;
			files = (
				9410BDBEE36B5273C7315FDC /* libPods-ios-objc-nslock-demo.a in Frameworks */,
			);
			runOnlyForDeploymentPostprocessing = 0;
		};
		B6ACC03920E6A67A0057CE71 /* Frameworks */ = {
			isa = PBXFrameworksBuildPhase;
			buildActionMask = 2147483647;
			files = (
				DE3B3537650FA1176A73B069 /* libPods-ios-objc-nslock-demoTests.a in Frameworks */,
			);
			runOnlyForDeploymentPostprocessing = 0;
		};
		B6ACC04420E6A67A0057CE71 /* Frameworks */ = {
			isa = PBXFrameworksBuildPhase;
			buildActionMask = 2147483647;
			files = (
				D80B5B600EBDE9BB2302CBE4 /* libPods-ios-objc-nslock-demoUITests.a in Frameworks */,
			);
			runOnlyForDeploymentPostprocessing = 0;
		};
/* End PBXFrameworksBuildPhase section */

/* Begin PBXGroup section */
		83235C3AF8D041D82B35DBAE /* Pods */ = {
			isa = PBXGroup;
			children = (
				4BF25B0D7E01715DBFAC3576 /* Pods-ios-objc-nslock-demo.debug.xcconfig */,
				EF4E5E241F2078012D7CAD6B /* Pods-ios-objc-nslock-demo.release.xcconfig */,
				85CF291F78766B373F0D872A /* Pods-ios-objc-nslock-demoTests.debug.xcconfig */,
				4477C3BC9A47555B23A6AB55 /* Pods-ios-objc-nslock-demoTests.release.xcconfig */,
				48A4F30ECB69663D08957FC4 /* Pods-ios-objc-nslock-demoUITests.debug.xcconfig */,
				D9C108486E63A8B8A3357FA5 /* Pods-ios-objc-nslock-demoUITests.release.xcconfig */,
			);
			name = Pods;
			sourceTree = "<group>";
		};
		A8DA26BCEE35F7A413CD60B6 /* Frameworks */ = {
			isa = PBXGroup;
			children = (
				8C3F0CAF7C1FF57BE1782975 /* libPods-ios-objc-nslock-demo.a */,
				4AA482837B13D434F5889275 /* libPods-ios-objc-nslock-demoTests.a */,
				F599523088D4CC9DA89446DB /* libPods-ios-objc-nslock-demoUITests.a */,
			);
			name = Frameworks;
			sourceTree = "<group>";
		};
		B6564BE220E6ADBC007BEF4C /* Helpers */ = {
			isa = PBXGroup;
			children = (
				B6BAFEA920ED4B05008C0011 /* PlainDAO.h */,
				B6BAFEAA20ED4B05008C0011 /* PlainDAO.m */,
				B6564BE320E6AE06007BEF4C /* SQLiteHelper.h */,
				B6564BE420E6AE06007BEF4C /* SQLiteHelper.m */,
				B6564BE620E72AB4007BEF4C /* SQLiteRequest.h */,
				B6564BE720E72AB4007BEF4C /* SQLiteRequest.m */,
				B6564BFA20E74C2A007BEF4C /* SelectResult.h */,
				B6564BFB20E74C2A007BEF4C /* SelectResult.m */,
			);
			path = Helpers;
			sourceTree = "<group>";
		};
		B6564BE920E731FD007BEF4C /* Models */ = {
			isa = PBXGroup;
			children = (
				B6564BED20E73C3F007BEF4C /* Protocol */,
				B6564BF920E7462E007BEF4C /* TableModel.h */,
				B6564BEE20E73C60007BEF4C /* User.h */,
				B6564BEF20E73C60007BEF4C /* User.m */,
				B6564BF620E741D1007BEF4C /* Job.h */,
				B6564BF720E741D1007BEF4C /* Job.m */,
				B66FEF5720E75DDF00C614E0 /* UserDao.h */,
				B66FEF5820E75DDF00C614E0 /* UserDao.m */,
				B66FEF5A20E75F3A00C614E0 /* JobDao.h */,
				B66FEF5B20E75F3A00C614E0 /* JobDao.m */,
			);
			path = Models;
			sourceTree = "<group>";
		};
		B6564BED20E73C3F007BEF4C /* Protocol */ = {
			isa = PBXGroup;
			children = (
				B6564BEA20E732CC007BEF4C /* FMResultSetInitializable.h */,
			);
			path = Protocol;
			sourceTree = "<group>";
		};
		B6564BF120E73E7B007BEF4C /* Categories */ = {
			isa = PBXGroup;
			children = (
				B6564BF220E73EC3007BEF4C /* Foundation */,
			);
			path = Categories;
			sourceTree = "<group>";
		};
		B6564BF220E73EC3007BEF4C /* Foundation */ = {
			isa = PBXGroup;
			children = (
				B6564BF320E73ED5007BEF4C /* NSObject+NullToNil.h */,
				B6564BF420E73ED5007BEF4C /* NSObject+NullToNil.m */,
			);
			path = Foundation;
			sourceTree = "<group>";
		};
		B6ACC01B20E6A6760057CE71 = {
			isa = PBXGroup;
			children = (
				B6ACC02620E6A6760057CE71 /* ios-objc-nslock-demo */,
				B6ACC03F20E6A67A0057CE71 /* ios-objc-nslock-demoTests */,
				B6ACC04A20E6A67A0057CE71 /* ios-objc-nslock-demoUITests */,
				B6ACC02520E6A6760057CE71 /* Products */,
				83235C3AF8D041D82B35DBAE /* Pods */,
				A8DA26BCEE35F7A413CD60B6 /* Frameworks */,
			);
			sourceTree = "<group>";
		};
		B6ACC02520E6A6760057CE71 /* Products */ = {
			isa = PBXGroup;
			children = (
				B6ACC02420E6A6760057CE71 /* ios-objc-nslock-demo.app */,
				B6ACC03C20E6A67A0057CE71 /* ios-objc-nslock-demoTests.xctest */,
				B6ACC04720E6A67A0057CE71 /* ios-objc-nslock-demoUITests.xctest */,
			);
			name = Products;
			sourceTree = "<group>";
		};
		B6ACC02620E6A6760057CE71 /* ios-objc-nslock-demo */ = {
			isa = PBXGroup;
			children = (
				B6BAFEA420ED3AFB008C0011 /* Resources */,
				B6564BF120E73E7B007BEF4C /* Categories */,
				B6564BE220E6ADBC007BEF4C /* Helpers */,
				B6564BE920E731FD007BEF4C /* Models */,
				B6ACC02720E6A6760057CE71 /* AppDelegate.h */,
				B6ACC02820E6A6760057CE71 /* AppDelegate.m */,
				B6ACC02A20E6A6760057CE71 /* ViewController.h */,
				B6ACC02B20E6A6760057CE71 /* ViewController.m */,
				B6ACC02D20E6A6760057CE71 /* Main.storyboard */,
				B6ACC03020E6A67A0057CE71 /* Assets.xcassets */,
				B6ACC03220E6A67A0057CE71 /* LaunchScreen.storyboard */,
				B6ACC03520E6A67A0057CE71 /* Info.plist */,
				B6ACC03620E6A67A0057CE71 /* main.m */,
			);
			path = "ios-objc-nslock-demo";
			sourceTree = "<group>";
		};
		B6ACC03F20E6A67A0057CE71 /* ios-objc-nslock-demoTests */ = {
			isa = PBXGroup;
			children = (
				B6ACC04020E6A67A0057CE71 /* ios_objc_nslock_demoTests.m */,
				B6ACC04220E6A67A0057CE71 /* Info.plist */,
			);
			path = "ios-objc-nslock-demoTests";
			sourceTree = "<group>";
		};
		B6ACC04A20E6A67A0057CE71 /* ios-objc-nslock-demoUITests */ = {
			isa = PBXGroup;
			children = (
				B6ACC04B20E6A67A0057CE71 /* ios_objc_nslock_demoUITests.m */,
				B6ACC04D20E6A67A0057CE71 /* Info.plist */,
			);
			path = "ios-objc-nslock-demoUITests";
			sourceTree = "<group>";
		};
		B6BAFEA420ED3AFB008C0011 /* Resources */ = {
			isa = PBXGroup;
			children = (
				B6BAFEA720ED3F02008C0011 /* plain.sqlite */,
			);
			path = Resources;
			sourceTree = "<group>";
		};
/* End PBXGroup section */

/* Begin PBXNativeTarget section */
		B6ACC02320E6A6760057CE71 /* ios-objc-nslock-demo */ = {
			isa = PBXNativeTarget;
			buildConfigurationList = B6ACC05020E6A67A0057CE71 /* Build configuration list for PBXNativeTarget "ios-objc-nslock-demo" */;
			buildPhases = (
				30DA570F7DF46D04934A9C1E /* [CP] Check Pods Manifest.lock */,
				B6ACC02020E6A6760057CE71 /* Sources */,
				B6ACC02120E6A6760057CE71 /* Frameworks */,
				B6ACC02220E6A6760057CE71 /* Resources */,
			);
			buildRules = (
			);
			dependencies = (
			);
			name = "ios-objc-nslock-demo";
			productName = "ios-objc-nslock-demo";
			productReference = B6ACC02420E6A6760057CE71 /* ios-objc-nslock-demo.app */;
			productType = "com.apple.product-type.application";
		};
		B6ACC03B20E6A67A0057CE71 /* ios-objc-nslock-demoTests */ = {
			isa = PBXNativeTarget;
			buildConfigurationList = B6ACC05320E6A67A0057CE71 /* Build configuration list for PBXNativeTarget "ios-objc-nslock-demoTests" */;
			buildPhases = (
				85700B5040918DCEC74F60F3 /* [CP] Check Pods Manifest.lock */,
				B6ACC03820E6A67A0057CE71 /* Sources */,
				B6ACC03920E6A67A0057CE71 /* Frameworks */,
				B6ACC03A20E6A67A0057CE71 /* Resources */,
			);
			buildRules = (
			);
			dependencies = (
				B6ACC03E20E6A67A0057CE71 /* PBXTargetDependency */,
			);
			name = "ios-objc-nslock-demoTests";
			productName = "ios-objc-nslock-demoTests";
			productReference = B6ACC03C20E6A67A0057CE71 /* ios-objc-nslock-demoTests.xctest */;
			productType = "com.apple.product-type.bundle.unit-test";
		};
		B6ACC04620E6A67A0057CE71 /* ios-objc-nslock-demoUITests */ = {
			isa = PBXNativeTarget;
			buildConfigurationList = B6ACC05620E6A67A0057CE71 /* Build configuration list for PBXNativeTarget "ios-objc-nslock-demoUITests" */;
			buildPhases = (
				C56474E2D786449CAAA627CA /* [CP] Check Pods Manifest.lock */,
				B6ACC04320E6A67A0057CE71 /* Sources */,
				B6ACC04420E6A67A0057CE71 /* Frameworks */,
				B6ACC04520E6A67A0057CE71 /* Resources */,
			);
			buildRules = (
			);
			dependencies = (
				B6ACC04920E6A67A0057CE71 /* PBXTargetDependency */,
			);
			name = "ios-objc-nslock-demoUITests";
			productName = "ios-objc-nslock-demoUITests";
			productReference = B6ACC04720E6A67A0057CE71 /* ios-objc-nslock-demoUITests.xctest */;
			productType = "com.apple.product-type.bundle.ui-testing";
		};
/* End PBXNativeTarget section */

/* Begin PBXProject section */
		B6ACC01C20E6A6760057CE71 /* Project object */ = {
			isa = PBXProject;
			attributes = {
				LastUpgradeCheck = 1000;
				ORGANIZATIONNAME = YukiOkudera;
				TargetAttributes = {
					B6ACC02320E6A6760057CE71 = {
						CreatedOnToolsVersion = 10.0;
					};
					B6ACC03B20E6A67A0057CE71 = {
						CreatedOnToolsVersion = 10.0;
						TestTargetID = B6ACC02320E6A6760057CE71;
					};
					B6ACC04620E6A67A0057CE71 = {
						CreatedOnToolsVersion = 10.0;
						TestTargetID = B6ACC02320E6A6760057CE71;
					};
				};
			};
			buildConfigurationList = B6ACC01F20E6A6760057CE71 /* Build configuration list for PBXProject "ios-objc-nslock-demo" */;
			compatibilityVersion = "Xcode 9.3";
			developmentRegion = en;
			hasScannedForEncodings = 0;
			knownRegions = (
				en,
				Base,
			);
			mainGroup = B6ACC01B20E6A6760057CE71;
			productRefGroup = B6ACC02520E6A6760057CE71 /* Products */;
			projectDirPath = "";
			projectRoot = "";
			targets = (
				B6ACC02320E6A6760057CE71 /* ios-objc-nslock-demo */,
				B6ACC03B20E6A67A0057CE71 /* ios-objc-nslock-demoTests */,
				B6ACC04620E6A67A0057CE71 /* ios-objc-nslock-demoUITests */,
			);
		};
/* End PBXProject section */

/* Begin PBXResourcesBuildPhase section */
		B6ACC02220E6A6760057CE71 /* Resources */ = {
			isa = PBXResourcesBuildPhase;
			buildActionMask = 2147483647;
			files = (
				B6BAFEA820ED3F02008C0011 /* plain.sqlite in Resources */,
				B6ACC03420E6A67A0057CE71 /* LaunchScreen.storyboard in Resources */,
				B6ACC03120E6A67A0057CE71 /* Assets.xcassets in Resources */,
				B6ACC02F20E6A6760057CE71 /* Main.storyboard in Resources */,
			);
			runOnlyForDeploymentPostprocessing = 0;
		};
		B6ACC03A20E6A67A0057CE71 /* Resources */ = {
			isa = PBXResourcesBuildPhase;
			buildActionMask = 2147483647;
			files = (
			);
			runOnlyForDeploymentPostprocessing = 0;
		};
		B6ACC04520E6A67A0057CE71 /* Resources */ = {
			isa = PBXResourcesBuildPhase;
			buildActionMask = 2147483647;
			files = (
			);
			runOnlyForDeploymentPostprocessing = 0;
		};
/* End PBXResourcesBuildPhase section */

/* Begin PBXShellScriptBuildPhase section */
		30DA570F7DF46D04934A9C1E /* [CP] Check Pods Manifest.lock */ = {
			isa = PBXShellScriptBuildPhase;
			buildActionMask = 2147483647;
			files = (
			);
			inputPaths = (
				"${PODS_PODFILE_DIR_PATH}/Podfile.lock",
				"${PODS_ROOT}/Manifest.lock",
			);
			name = "[CP] Check Pods Manifest.lock";
			outputPaths = (
				"$(DERIVED_FILE_DIR)/Pods-ios-objc-nslock-demo-checkManifestLockResult.txt",
			);
			runOnlyForDeploymentPostprocessing = 0;
			shellPath = /bin/sh;
			shellScript = "diff \"${PODS_PODFILE_DIR_PATH}/Podfile.lock\" \"${PODS_ROOT}/Manifest.lock\" > /dev/null\nif [ $? != 0 ] ; then\n    # print error to STDERR\n    echo \"error: The sandbox is not in sync with the Podfile.lock. Run 'pod install' or update your CocoaPods installation.\" >&2\n    exit 1\nfi\n# This output is used by Xcode 'outputs' to avoid re-running this script phase.\necho \"SUCCESS\" > \"${SCRIPT_OUTPUT_FILE_0}\"\n";
			showEnvVarsInLog = 0;
		};
		85700B5040918DCEC74F60F3 /* [CP] Check Pods Manifest.lock */ = {
			isa = PBXShellScriptBuildPhase;
			buildActionMask = 2147483647;
			files = (
			);
			inputPaths = (
				"${PODS_PODFILE_DIR_PATH}/Podfile.lock",
				"${PODS_ROOT}/Manifest.lock",
			);
			name = "[CP] Check Pods Manifest.lock";
			outputPaths = (
				"$(DERIVED_FILE_DIR)/Pods-ios-objc-nslock-demoTests-checkManifestLockResult.txt",
			);
			runOnlyForDeploymentPostprocessing = 0;
			shellPath = /bin/sh;
			shellScript = "diff \"${PODS_PODFILE_DIR_PATH}/Podfile.lock\" \"${PODS_ROOT}/Manifest.lock\" > /dev/null\nif [ $? != 0 ] ; then\n    # print error to STDERR\n    echo \"error: The sandbox is not in sync with the Podfile.lock. Run 'pod install' or update your CocoaPods installation.\" >&2\n    exit 1\nfi\n# This output is used by Xcode 'outputs' to avoid re-running this script phase.\necho \"SUCCESS\" > \"${SCRIPT_OUTPUT_FILE_0}\"\n";
			showEnvVarsInLog = 0;
		};
		C56474E2D786449CAAA627CA /* [CP] Check Pods Manifest.lock */ = {
			isa = PBXShellScriptBuildPhase;
			buildActionMask = 2147483647;
			files = (
			);
			inputPaths = (
				"${PODS_PODFILE_DIR_PATH}/Podfile.lock",
				"${PODS_ROOT}/Manifest.lock",
			);
			name = "[CP] Check Pods Manifest.lock";
			outputPaths = (
				"$(DERIVED_FILE_DIR)/Pods-ios-objc-nslock-demoUITests-checkManifestLockResult.txt",
			);
			runOnlyForDeploymentPostprocessing = 0;
			shellPath = /bin/sh;
			shellScript = "diff \"${PODS_PODFILE_DIR_PATH}/Podfile.lock\" \"${PODS_ROOT}/Manifest.lock\" > /dev/null\nif [ $? != 0 ] ; then\n    # print error to STDERR\n    echo \"error: The sandbox is not in sync with the Podfile.lock. Run 'pod install' or update your CocoaPods installation.\" >&2\n    exit 1\nfi\n# This output is used by Xcode 'outputs' to avoid re-running this script phase.\necho \"SUCCESS\" > \"${SCRIPT_OUTPUT_FILE_0}\"\n";
			showEnvVarsInLog = 0;
		};
/* End PBXShellScriptBuildPhase section */

/* Begin PBXSourcesBuildPhase section */
		B6ACC02020E6A6760057CE71 /* Sources */ = {
			isa = PBXSourcesBuildPhase;
			buildActionMask = 2147483647;
			files = (
				B66FEF5C20E75F3A00C614E0 /* JobDao.m in Sources */,
				B6564BF520E73ED5007BEF4C /* NSObject+NullToNil.m in Sources */,
				B6564BFC20E74C2A007BEF4C /* SelectResult.m in Sources */,
				B6564BE820E72AB4007BEF4C /* SQLiteRequest.m in Sources */,
				B6ACC02C20E6A6760057CE71 /* ViewController.m in Sources */,
				B6564BF820E741D1007BEF4C /* Job.m in Sources */,
				B66FEF5920E75DDF00C614E0 /* UserDao.m in Sources */,
				B6564BF020E73C60007BEF4C /* User.m in Sources */,
				B6ACC03720E6A67A0057CE71 /* main.m in Sources */,
				B6BAFEAB20ED4B05008C0011 /* PlainDAO.m in Sources */,
				B6ACC02920E6A6760057CE71 /* AppDelegate.m in Sources */,
				B6564BE520E6AE06007BEF4C /* SQLiteHelper.m in Sources */,
			);
			runOnlyForDeploymentPostprocessing = 0;
		};
		B6ACC03820E6A67A0057CE71 /* Sources */ = {
			isa = PBXSourcesBuildPhase;
			buildActionMask = 2147483647;
			files = (
				B6ACC04120E6A67A0057CE71 /* ios_objc_nslock_demoTests.m in Sources */,
			);
			runOnlyForDeploymentPostprocessing = 0;
		};
		B6ACC04320E6A67A0057CE71 /* Sources */ = {
			isa = PBXSourcesBuildPhase;
			buildActionMask = 2147483647;
			files = (
				B6ACC04C20E6A67A0057CE71 /* ios_objc_nslock_demoUITests.m in Sources */,
			);
			runOnlyForDeploymentPostprocessing = 0;
		};
/* End PBXSourcesBuildPhase section */

/* Begin PBXTargetDependency section */
		B6ACC03E20E6A67A0057CE71 /* PBXTargetDependency */ = {
			isa = PBXTargetDependency;
			target = B6ACC02320E6A6760057CE71 /* ios-objc-nslock-demo */;
			targetProxy = B6ACC03D20E6A67A0057CE71 /* PBXContainerItemProxy */;
		};
		B6ACC04920E6A67A0057CE71 /* PBXTargetDependency */ = {
			isa = PBXTargetDependency;
			target = B6ACC02320E6A6760057CE71 /* ios-objc-nslock-demo */;
			targetProxy = B6ACC04820E6A67A0057CE71 /* PBXContainerItemProxy */;
		};
/* End PBXTargetDependency section */

/* Begin PBXVariantGroup section */
		B6ACC02D20E6A6760057CE71 /* Main.storyboard */ = {
			isa = PBXVariantGroup;
			children = (
				B6ACC02E20E6A6760057CE71 /* Base */,
			);
			name = Main.storyboard;
			sourceTree = "<group>";
		};
		B6ACC03220E6A67A0057CE71 /* LaunchScreen.storyboard */ = {
			isa = PBXVariantGroup;
			children = (
				B6ACC03320E6A67A0057CE71 /* Base */,
			);
			name = LaunchScreen.storyboard;
			sourceTree = "<group>";
		};
/* End PBXVariantGroup section */

/* Begin XCBuildConfiguration section */
		B6ACC04E20E6A67A0057CE71 /* Debug */ = {
			isa = XCBuildConfiguration;
			buildSettings = {
				ALWAYS_SEARCH_USER_PATHS = NO;
				CLANG_ANALYZER_NONNULL = YES;
				CLANG_ANALYZER_NUMBER_OBJECT_CONVERSION = YES_AGGRESSIVE;
				CLANG_CXX_LANGUAGE_STANDARD = "gnu++14";
				CLANG_CXX_LIBRARY = "libc++";
				CLANG_ENABLE_MODULES = YES;
				CLANG_ENABLE_OBJC_ARC = YES;
				CLANG_ENABLE_OBJC_WEAK = YES;
				CLANG_WARN_BLOCK_CAPTURE_AUTORELEASING = YES;
				CLANG_WARN_BOOL_CONVERSION = YES;
				CLANG_WARN_COMMA = YES;
				CLANG_WARN_CONSTANT_CONVERSION = YES;
				CLANG_WARN_DEPRECATED_OBJC_IMPLEMENTATIONS = YES;
				CLANG_WARN_DIRECT_OBJC_ISA_USAGE = YES_ERROR;
				CLANG_WARN_DOCUMENTATION_COMMENTS = YES;
				CLANG_WARN_EMPTY_BODY = YES;
				CLANG_WARN_ENUM_CONVERSION = YES;
				CLANG_WARN_INFINITE_RECURSION = YES;
				CLANG_WARN_INT_CONVERSION = YES;
				CLANG_WARN_NON_LITERAL_NULL_CONVERSION = YES;
				CLANG_WARN_OBJC_IMPLICIT_RETAIN_SELF = YES;
				CLANG_WARN_OBJC_LITERAL_CONVERSION = YES;
				CLANG_WARN_OBJC_ROOT_CLASS = YES_ERROR;
				CLANG_WARN_RANGE_LOOP_ANALYSIS = YES;
				CLANG_WARN_STRICT_PROTOTYPES = YES;
				CLANG_WARN_SUSPICIOUS_MOVE = YES;
				CLANG_WARN_UNGUARDED_AVAILABILITY = YES_AGGRESSIVE;
				CLANG_WARN_UNREACHABLE_CODE = YES;
				CLANG_WARN__DUPLICATE_METHOD_MATCH = YES;
				CODE_SIGN_IDENTITY = "iPhone Developer";
				COPY_PHASE_STRIP = NO;
				DEBUG_INFORMATION_FORMAT = dwarf;
				ENABLE_STRICT_OBJC_MSGSEND = YES;
				ENABLE_TESTABILITY = YES;
				GCC_C_LANGUAGE_STANDARD = gnu11;
				GCC_DYNAMIC_NO_PIC = NO;
				GCC_NO_COMMON_BLOCKS = YES;
				GCC_OPTIMIZATION_LEVEL = 0;
				GCC_PREPROCESSOR_DEFINITIONS = (
					"DEBUG=1",
					"$(inherited)",
				);
				GCC_WARN_64_TO_32_BIT_CONVERSION = YES;
				GCC_WARN_ABOUT_RETURN_TYPE = YES_ERROR;
				GCC_WARN_UNDECLARED_SELECTOR = YES;
				GCC_WARN_UNINITIALIZED_AUTOS = YES_AGGRESSIVE;
				GCC_WARN_UNUSED_FUNCTION = YES;
				GCC_WARN_UNUSED_VARIABLE = YES;
				IPHONEOS_DEPLOYMENT_TARGET = 10.0;
				MTL_ENABLE_DEBUG_INFO = INCLUDE_SOURCE;
				ONLY_ACTIVE_ARCH = YES;
				SDKROOT = iphoneos;
			};
			name = Debug;
		};
		B6ACC04F20E6A67A0057CE71 /* Release */ = {
			isa = XCBuildConfiguration;
			buildSettings = {
				ALWAYS_SEARCH_USER_PATHS = NO;
				CLANG_ANALYZER_NONNULL = YES;
				CLANG_ANALYZER_NUMBER_OBJECT_CONVERSION = YES_AGGRESSIVE;
				CLANG_CXX_LANGUAGE_STANDARD = "gnu++14";
				CLANG_CXX_LIBRARY = "libc++";
				CLANG_ENABLE_MODULES = YES;
				CLANG_ENABLE_OBJC_ARC = YES;
				CLANG_ENABLE_OBJC_WEAK = YES;
				CLANG_WARN_BLOCK_CAPTURE_AUTORELEASING = YES;
				CLANG_WARN_BOOL_CONVERSION = YES;
				CLANG_WARN_COMMA = YES;
				CLANG_WARN_CONSTANT_CONVERSION = YES;
				CLANG_WARN_DEPRECATED_OBJC_IMPLEMENTATIONS = YES;
				CLANG_WARN_DIRECT_OBJC_ISA_USAGE = YES_ERROR;
				CLANG_WARN_DOCUMENTATION_COMMENTS = YES;
				CLANG_WARN_EMPTY_BODY = YES;
				CLANG_WARN_ENUM_CONVERSION = YES;
				CLANG_WARN_INFINITE_RECURSION = YES;
				CLANG_WARN_INT_CONVERSION = YES;
				CLANG_WARN_NON_LITERAL_NULL_CONVERSION = YES;
				CLANG_WARN_OBJC_IMPLICIT_RETAIN_SELF = YES;
				CLANG_WARN_OBJC_LITERAL_CONVERSION = YES;
				CLANG_WARN_OBJC_ROOT_CLASS = YES_ERROR;
				CLANG_WARN_RANGE_LOOP_ANALYSIS = YES;
				CLANG_WARN_STRICT_PROTOTYPES = YES;
				CLANG_WARN_SUSPICIOUS_MOVE = YES;
				CLANG_WARN_UNGUARDED_AVAILABILITY = YES_AGGRESSIVE;
				CLANG_WARN_UNREACHABLE_CODE = YES;
				CLANG_WARN__DUPLICATE_METHOD_MATCH = YES;
				CODE_SIGN_IDENTITY = "iPhone Developer";
				COPY_PHASE_STRIP = NO;
				DEBUG_INFORMATION_FORMAT = "dwarf-with-dsym";
				ENABLE_NS_ASSERTIONS = NO;
				ENABLE_STRICT_OBJC_MSGSEND = YES;
				GCC_C_LANGUAGE_STANDARD = gnu11;
				GCC_NO_COMMON_BLOCKS = YES;
				GCC_WARN_64_TO_32_BIT_CONVERSION = YES;
				GCC_WARN_ABOUT_RETURN_TYPE = YES_ERROR;
				GCC_WARN_UNDECLARED_SELECTOR = YES;
				GCC_WARN_UNINITIALIZED_AUTOS = YES_AGGRESSIVE;
				GCC_WARN_UNUSED_FUNCTION = YES;
				GCC_WARN_UNUSED_VARIABLE = YES;
				IPHONEOS_DEPLOYMENT_TARGET = 10.0;
				MTL_ENABLE_DEBUG_INFO = NO;
				SDKROOT = iphoneos;
				VALIDATE_PRODUCT = YES;
			};
			name = Release;
		};
		B6ACC05120E6A67A0057CE71 /* Debug */ = {
			isa = XCBuildConfiguration;
			baseConfigurationReference = 4BF25B0D7E01715DBFAC3576 /* Pods-ios-objc-nslock-demo.debug.xcconfig */;
			buildSettings = {
				ASSETCATALOG_COMPILER_APPICON_NAME = AppIcon;
				CODE_SIGN_STYLE = Automatic;
				DEVELOPMENT_TEAM = B8PR34D6DP;
				INFOPLIST_FILE = "ios-objc-nslock-demo/Info.plist";
				IPHONEOS_DEPLOYMENT_TARGET = 10.0;
				LD_RUNPATH_SEARCH_PATHS = (
					"$(inherited)",
					"@executable_path/Frameworks",
				);
				PRODUCT_BUNDLE_IDENTIFIER = "jp.yuoku.ios-objc-nslock-demo";
				PRODUCT_NAME = "$(TARGET_NAME)";
				TARGETED_DEVICE_FAMILY = "1,2";
			};
			name = Debug;
		};
		B6ACC05220E6A67A0057CE71 /* Release */ = {
			isa = XCBuildConfiguration;
			baseConfigurationReference = EF4E5E241F2078012D7CAD6B /* Pods-ios-objc-nslock-demo.release.xcconfig */;
			buildSettings = {
				ASSETCATALOG_COMPILER_APPICON_NAME = AppIcon;
				CODE_SIGN_STYLE = Automatic;
				DEVELOPMENT_TEAM = B8PR34D6DP;
				INFOPLIST_FILE = "ios-objc-nslock-demo/Info.plist";
				IPHONEOS_DEPLOYMENT_TARGET = 10.0;
				LD_RUNPATH_SEARCH_PATHS = (
					"$(inherited)",
					"@executable_path/Frameworks",
				);
				PRODUCT_BUNDLE_IDENTIFIER = "jp.yuoku.ios-objc-nslock-demo";
				PRODUCT_NAME = "$(TARGET_NAME)";
				TARGETED_DEVICE_FAMILY = "1,2";
			};
			name = Release;
		};
		B6ACC05420E6A67A0057CE71 /* Debug */ = {
			isa = XCBuildConfiguration;
			baseConfigurationReference = 85CF291F78766B373F0D872A /* Pods-ios-objc-nslock-demoTests.debug.xcconfig */;
			buildSettings = {
				BUNDLE_LOADER = "$(TEST_HOST)";
				CODE_SIGN_STYLE = Automatic;
				DEVELOPMENT_TEAM = B8PR34D6DP;
				INFOPLIST_FILE = "ios-objc-nslock-demoTests/Info.plist";
				LD_RUNPATH_SEARCH_PATHS = (
					"$(inherited)",
					"@executable_path/Frameworks",
					"@loader_path/Frameworks",
				);
				PRODUCT_BUNDLE_IDENTIFIER = "jp.yuoku.ios-objc-nslock-demoTests";
				PRODUCT_NAME = "$(TARGET_NAME)";
				TARGETED_DEVICE_FAMILY = "1,2";
				TEST_HOST = "$(BUILT_PRODUCTS_DIR)/ios-objc-nslock-demo.app/ios-objc-nslock-demo";
			};
			name = Debug;
		};
		B6ACC05520E6A67A0057CE71 /* Release */ = {
			isa = XCBuildConfiguration;
			baseConfigurationReference = 4477C3BC9A47555B23A6AB55 /* Pods-ios-objc-nslock-demoTests.release.xcconfig */;
			buildSettings = {
				BUNDLE_LOADER = "$(TEST_HOST)";
				CODE_SIGN_STYLE = Automatic;
				DEVELOPMENT_TEAM = B8PR34D6DP;
				INFOPLIST_FILE = "ios-objc-nslock-demoTests/Info.plist";
				LD_RUNPATH_SEARCH_PATHS = (
					"$(inherited)",
					"@executable_path/Frameworks",
					"@loader_path/Frameworks",
				);
				PRODUCT_BUNDLE_IDENTIFIER = "jp.yuoku.ios-objc-nslock-demoTests";
				PRODUCT_NAME = "$(TARGET_NAME)";
				TARGETED_DEVICE_FAMILY = "1,2";
				TEST_HOST = "$(BUILT_PRODUCTS_DIR)/ios-objc-nslock-demo.app/ios-objc-nslock-demo";
			};
			name = Release;
		};
		B6ACC05720E6A67A0057CE71 /* Debug */ = {
			isa = XCBuildConfiguration;
			baseConfigurationReference = 48A4F30ECB69663D08957FC4 /* Pods-ios-objc-nslock-demoUITests.debug.xcconfig */;
			buildSettings = {
				CODE_SIGN_STYLE = Automatic;
				DEVELOPMENT_TEAM = B8PR34D6DP;
				INFOPLIST_FILE = "ios-objc-nslock-demoUITests/Info.plist";
				LD_RUNPATH_SEARCH_PATHS = (
					"$(inherited)",
					"@executable_path/Frameworks",
					"@loader_path/Frameworks",
				);
				PRODUCT_BUNDLE_IDENTIFIER = "jp.yuoku.ios-objc-nslock-demoUITests";
				PRODUCT_NAME = "$(TARGET_NAME)";
				TARGETED_DEVICE_FAMILY = "1,2";
				TEST_TARGET_NAME = "ios-objc-nslock-demo";
			};
			name = Debug;
		};
		B6ACC05820E6A67A0057CE71 /* Release */ = {
			isa = XCBuildConfiguration;
			baseConfigurationReference = D9C108486E63A8B8A3357FA5 /* Pods-ios-objc-nslock-demoUITests.release.xcconfig */;
			buildSettings = {
				CODE_SIGN_STYLE = Automatic;
				DEVELOPMENT_TEAM = B8PR34D6DP;
				INFOPLIST_FILE = "ios-objc-nslock-demoUITests/Info.plist";
				LD_RUNPATH_SEARCH_PATHS = (
					"$(inherited)",
					"@executable_path/Frameworks",
					"@loader_path/Frameworks",
				);
				PRODUCT_BUNDLE_IDENTIFIER = "jp.yuoku.ios-objc-nslock-demoUITests";
				PRODUCT_NAME = "$(TARGET_NAME)";
				TARGETED_DEVICE_FAMILY = "1,2";
				TEST_TARGET_NAME = "ios-objc-nslock-demo";
			};
			name = Release;
		};
/* End XCBuildConfiguration section */

/* Begin XCConfigurationList section */
		B6ACC01F20E6A6760057CE71 /* Build configuration list for PBXProject "ios-objc-nslock-demo" */ = {
			isa = XCConfigurationList;
			buildConfigurations = (
				B6ACC04E20E6A67A0057CE71 /* Debug */,
				B6ACC04F20E6A67A0057CE71 /* Release */,
			);
			defaultConfigurationIsVisible = 0;
			defaultConfigurationName = Release;
		};
		B6ACC05020E6A67A0057CE71 /* Build configuration list for PBXNativeTarget "ios-objc-nslock-demo" */ = {
			isa = XCConfigurationList;
			buildConfigurations = (
				B6ACC05120E6A67A0057CE71 /* Debug */,
				B6ACC05220E6A67A0057CE71 /* Release */,
			);
			defaultConfigurationIsVisible = 0;
			defaultConfigurationName = Release;
		};
		B6ACC05320E6A67A0057CE71 /* Build configuration list for PBXNativeTarget "ios-objc-nslock-demoTests" */ = {
			isa = XCConfigurationList;
			buildConfigurations = (
				B6ACC05420E6A67A0057CE71 /* Debug */,
				B6ACC05520E6A67A0057CE71 /* Release */,
			);
			defaultConfigurationIsVisible = 0;
			defaultConfigurationName = Release;
		};
		B6ACC05620E6A67A0057CE71 /* Build configuration list for PBXNativeTarget "ios-objc-nslock-demoUITests" */ = {
			isa = XCConfigurationList;
			buildConfigurations = (
				B6ACC05720E6A67A0057CE71 /* Debug */,
				B6ACC05820E6A67A0057CE71 /* Release */,
			);
			defaultConfigurationIsVisible = 0;
			defaultConfigurationName = Release;
		};
/* End XCConfigurationList section */
	};
	rootObject = B6ACC01C20E6A6760057CE71 /* Project object */;
}
